
Microsoft Visual Studio Solution File, Format Version 12.00
# Visual Studio Version 16
VisualStudioVersion = 16.0.30204.135
MinimumVisualStudioVersion = 10.0.40219.1
Project("{FAE04EC0-301F-11D3-BF4B-00C04F79EFBC}") = "HueControlExampleConsoleUI", "HueControlExampleConsoleUI\HueControlExampleConsoleUI.csproj", "{34D816CB-8A6E-4110-8542-1F36D258DEA2}"
EndProject
Project("{FAE04EC0-301F-11D3-BF4B-00C04F79EFBC}") = "HueControlExampleLibrary", "HueControlExampleLibrary\HueControlExampleLibrary.csproj", "{9ED85FD5-F470-4908-ADE1-0B6CB5093D13}"
EndProject
Global
	GlobalSection(SolutionConfigurationPlatforms) = preSolution
		Debug|Any CPU = Debug|Any CPU
		Release|Any CPU = Release|Any CPU
	EndGlobalSection
	GlobalSection(ProjectConfigurationPlatforms) = postSolution
		{34D816CB-8A6E-4110-8542-1F36D258DEA2}.Debug|Any CPU.ActiveCfg = Debug|Any CPU
		{34D816CB-8A6E-4110-8542-1F36D258DEA2}.Debug|Any CPU.Build.0 = Debug|Any CPU
		{34D816CB-8A6E-4110-8542-1F36D258DEA2}.Release|Any CPU.ActiveCfg = Release|Any CPU
		{34D816CB-8A6E-4110-8542-1F36D258DEA2}.Release|Any CPU.Build.0 = Release|Any CPU
		{9ED85FD5-F470-4908-ADE1-0B6CB5093D13}.Debug|Any CPU.ActiveCfg = Debug|Any CPU
		{9ED85FD5-F470-4908-ADE1-0B6CB5093D13}.Debug|Any CPU.Build.0 = Debug|Any CPU
		{9ED85FD5-F470-4908-ADE1-0B6CB5093D13}.Release|Any CPU.ActiveCfg = Release|Any CPU
		{9ED85FD5-F470-4908-ADE1-0B6CB5093D13}.Release|Any CPU.Build.0 = Release|Any CPU
	EndGlobalSection
	GlobalSection(SolutionProperties) = preSolution
		HideSolutionNode = FALSE
	EndGlobalSection
	GlobalSection(ExtensibilityGlobals) = postSolution
		SolutionGuid = {4E5320F4-6407-4735-B579-CAC647C9CF3D}
	EndGlobalSection
EndGlobal
